
Microsoft Visual Studio Solution File, Format Version 12.00
# Visual Studio Version 18
VisualStudioVersion = 18.0.11010.61 d18.0
MinimumVisualStudioVersion = 10.0.40219.1
Project("{2150E333-8FDC-42A3-9474-1A3956D46DE8}") = "arq", "arq", "{02EA681E-C7D8-13C7-8484-4AC65E1B71E8}"
EndProject
Project("{2150E333-8FDC-42A3-9474-1A3956D46DE8}") = "src", "src", "{CE462713-D0A7-49F3-A06D-AAB93025FACE}"
EndProject
Project("{2150E333-8FDC-42A3-9474-1A3956D46DE8}") = "docker", "docker", "{68EB50E4-7B9C-4115-8D05-5838DB6F4B16}"
EndProject
Project("{2150E333-8FDC-42A3-9474-1A3956D46DE8}") = "doc", "doc", "{8BA1A662-E8FE-4CEA-8398-676C427F9D1B}"
	ProjectSection(SolutionItems) = preProject
		README.md = README.md
	EndProjectSection
EndProject
Project("{FAE04EC0-301F-11D3-BF4B-00C04F79EFBC}") = "Template.Message.Kafka.Consumer", "arq\Template.Message.Kafka.Consumer\Template.Message.Kafka.Consumer.csproj", "{6266DB76-2052-4406-BB4B-4B7829EA12B6}"
EndProject
Project("{FAE04EC0-301F-11D3-BF4B-00C04F79EFBC}") = "Template.Message.Kafka.Producer", "arq\Template.Message.Kafka.Producer\Template.Message.Kafka.Producer.csproj", "{CEFF6964-C2AB-49A6-A154-B5EBA6FECC8E}"
EndProject
Project("{FAE04EC0-301F-11D3-BF4B-00C04F79EFBC}") = "Template.Message.RabbitMQ.Consumer", "arq\Template.Message.RabbitMQ.Consumer\Template.Message.RabbitMQ.Consumer.csproj", "{1932A089-36E8-4ED7-93DC-9AB4403F6BF4}"
EndProject
Project("{FAE04EC0-301F-11D3-BF4B-00C04F79EFBC}") = "Template.Message.Redis.Producer", "arq\Template.Message.Redis.Producer\Template.Message.Redis.Producer.csproj", "{4E301D64-37E1-49A3-B297-AD9AF26238CD}"
EndProject
Project("{FAE04EC0-301F-11D3-BF4B-00C04F79EFBC}") = "Template.Message.RabbitMQ.Producer", "arq\Template.Message.RabbitMQ.Producer\Template.Message.RabbitMQ.Producer.csproj", "{6A36D166-C783-39E0-5D6E-3F88717FD89A}"
EndProject
Project("{FAE04EC0-301F-11D3-BF4B-00C04F79EFBC}") = "Template.Message.Redis.Consumer", "arq\Template.Message.Redis.Consumer\Template.Message.Redis.Consumer.csproj", "{75BB32DE-9E50-406C-B49C-AF887FC6EC4F}"
EndProject
Project("{2150E333-8FDC-42A3-9474-1A3956D46DE8}") = "Redis", "Redis", "{0B3F26AC-489E-46EB-B359-52DFC8D87272}"
EndProject
Project("{2150E333-8FDC-42A3-9474-1A3956D46DE8}") = "Kafka", "Kafka", "{3B7D433C-8C98-4D43-A28D-D493524571DF}"
EndProject
Project("{2150E333-8FDC-42A3-9474-1A3956D46DE8}") = "RabbitMQ", "RabbitMQ", "{92CBAA30-379F-44F7-851B-EAD54A8377D6}"
EndProject
Project("{2150E333-8FDC-42A3-9474-1A3956D46DE8}") = "Core", "Core", "{FD87F37E-F477-469A-B2EF-8A5CA516C428}"
EndProject
Project("{2150E333-8FDC-42A3-9474-1A3956D46DE8}") = "API", "API", "{4EFE7769-3C95-40C9-A547-EC535DAD1053}"
EndProject
Project("{2150E333-8FDC-42A3-9474-1A3956D46DE8}") = "Batch", "Batch", "{1FEFEEF7-2BE9-48E0-9258-CC5DB97C82CE}"
EndProject
Project("{2150E333-8FDC-42A3-9474-1A3956D46DE8}") = "test", "test", "{D0B4A9FD-AD24-4981-84B1-A3599D7CB274}"
EndProject
Project("{FAE04EC0-301F-11D3-BF4B-00C04F79EFBC}") = "Template.Application", "src\Core\Template.Application\Template.Application.csproj", "{463C847F-4D52-48A1-9A9D-4C5D039ADD28}"
EndProject
Project("{FAE04EC0-301F-11D3-BF4B-00C04F79EFBC}") = "Template.Crosscutting", "src\Core\Template.Crosscutting\Template.Crosscutting.csproj", "{50502E43-3CE2-4BA5-8C9A-6842C534B768}"
EndProject
Project("{2150E333-8FDC-42A3-9474-1A3956D46DE8}") = "Worker", "Worker", "{5FF44721-BFEE-43F8-A8DB-8F457353F791}"
EndProject
Project("{FAE04EC0-301F-11D3-BF4B-00C04F79EFBC}") = "Template.Domain", "src\Core\Template.Domain\Template.Domain.csproj", "{B70F8B76-1FC1-4061-A9DD-DBB92E1BE445}"
EndProject
Project("{FAE04EC0-301F-11D3-BF4B-00C04F79EFBC}") = "Template.Infrastructure", "src\Core\Template.Infrastructure\Template.Infrastructure.csproj", "{31D7698B-A80B-438B-900D-9E171F9341B5}"
EndProject
Project("{FAE04EC0-301F-11D3-BF4B-00C04F79EFBC}") = "Template.Message.Kafka.Consumer.Worker", "src\Worker\Template.Message.Kafka.Consumer.Worker\Template.Message.Kafka.Consumer.Worker.csproj", "{ADA4E9AC-D7F6-49F3-A037-B08C97B67DF4}"
EndProject
Project("{FAE04EC0-301F-11D3-BF4B-00C04F79EFBC}") = "Template.Message.RabbitMQ.Consumer.Worker", "src\Worker\Template.Message.RabbitMQ.Consumer.Worker\Template.Message.RabbitMQ.Consumer.Worker.csproj", "{E49A38F7-52A0-48FB-BDD3-BF03E4E6134A}"
EndProject
Project("{FAE04EC0-301F-11D3-BF4B-00C04F79EFBC}") = "Template.Message.Redis.Consumer.Worker", "src\Worker\Template.Message.Redis.Consumer.Worker\Template.Message.Redis.Consumer.Worker.csproj", "{4CD4DC39-3B2C-4CF8-98FE-87903C8142CB}"
EndProject
Project("{FAE04EC0-301F-11D3-BF4B-00C04F79EFBC}") = "Template.Message.Kafka.Producer.Api", "src\API\Template.Message.Kafka.Producer.Api\Template.Message.Kafka.Producer.Api.csproj", "{3604C8F6-2372-4650-BBB4-90907E19CBBD}"
EndProject
Project("{FAE04EC0-301F-11D3-BF4B-00C04F79EFBC}") = "Template.Message.RabbitMQ.Producer.Api", "src\API\Template.Message.RabbitMQ.Producer.Api\Template.Message.RabbitMQ.Producer.Api.csproj", "{21973B7C-E1D4-4CF6-980B-D4EA1E19E8ED}"
EndProject
Project("{FAE04EC0-301F-11D3-BF4B-00C04F79EFBC}") = "Template.Message.Redis.Producer.Api", "src\API\Template.Message.Redis.Producer.Api\Template.Message.Redis.Producer.Api.csproj", "{7BDE19C7-7FDA-4195-B026-99755EA50FC8}"
EndProject
Project("{2150E333-8FDC-42A3-9474-1A3956D46DE8}") = "Producer", "Producer", "{1114BD3A-2A8D-4943-92D5-91158FA3881E}"
EndProject
Project("{FAE04EC0-301F-11D3-BF4B-00C04F79EFBC}") = "Template.API", "src\API\Template.API\Template.API.csproj", "{F5F93EEE-A74D-4002-954C-CD733D8B8497}"
EndProject
Project("{FAE04EC0-301F-11D3-BF4B-00C04F79EFBC}") = "Template.Batch", "src\Batch\Template.Batch\Template.Batch.csproj", "{5B77D7F1-DA2F-4877-A497-81D448CA773B}"
EndProject
Global
	GlobalSection(SolutionConfigurationPlatforms) = preSolution
		Debug|Any CPU = Debug|Any CPU
		Release|Any CPU = Release|Any CPU
	EndGlobalSection
	GlobalSection(ProjectConfigurationPlatforms) = postSolution
		{6266DB76-2052-4406-BB4B-4B7829EA12B6}.Debug|Any CPU.ActiveCfg = Debug|Any CPU
		{6266DB76-2052-4406-BB4B-4B7829EA12B6}.Debug|Any CPU.Build.0 = Debug|Any CPU
		{6266DB76-2052-4406-BB4B-4B7829EA12B6}.Release|Any CPU.ActiveCfg = Release|Any CPU
		{6266DB76-2052-4406-BB4B-4B7829EA12B6}.Release|Any CPU.Build.0 = Release|Any CPU
		{CEFF6964-C2AB-49A6-A154-B5EBA6FECC8E}.Debug|Any CPU.ActiveCfg = Debug|Any CPU
		{CEFF6964-C2AB-49A6-A154-B5EBA6FECC8E}.Debug|Any CPU.Build.0 = Debug|Any CPU
		{CEFF6964-C2AB-49A6-A154-B5EBA6FECC8E}.Release|Any CPU.ActiveCfg = Release|Any CPU
		{CEFF6964-C2AB-49A6-A154-B5EBA6FECC8E}.Release|Any CPU.Build.0 = Release|Any CPU
		{1932A089-36E8-4ED7-93DC-9AB4403F6BF4}.Debug|Any CPU.ActiveCfg = Debug|Any CPU
		{1932A089-36E8-4ED7-93DC-9AB4403F6BF4}.Debug|Any CPU.Build.0 = Debug|Any CPU
		{1932A089-36E8-4ED7-93DC-9AB4403F6BF4}.Release|Any CPU.ActiveCfg = Release|Any CPU
		{1932A089-36E8-4ED7-93DC-9AB4403F6BF4}.Release|Any CPU.Build.0 = Release|Any CPU
		{4E301D64-37E1-49A3-B297-AD9AF26238CD}.Debug|Any CPU.ActiveCfg = Debug|Any CPU
		{4E301D64-37E1-49A3-B297-AD9AF26238CD}.Debug|Any CPU.Build.0 = Debug|Any CPU
		{4E301D64-37E1-49A3-B297-AD9AF26238CD}.Release|Any CPU.ActiveCfg = Release|Any CPU
		{4E301D64-37E1-49A3-B297-AD9AF26238CD}.Release|Any CPU.Build.0 = Release|Any CPU
		{6A36D166-C783-39E0-5D6E-3F88717FD89A}.Debug|Any CPU.ActiveCfg = Debug|Any CPU
		{6A36D166-C783-39E0-5D6E-3F88717FD89A}.Debug|Any CPU.Build.0 = Debug|Any CPU
		{6A36D166-C783-39E0-5D6E-3F88717FD89A}.Release|Any CPU.ActiveCfg = Release|Any CPU
		{6A36D166-C783-39E0-5D6E-3F88717FD89A}.Release|Any CPU.Build.0 = Release|Any CPU
		{75BB32DE-9E50-406C-B49C-AF887FC6EC4F}.Debug|Any CPU.ActiveCfg = Debug|Any CPU
		{75BB32DE-9E50-406C-B49C-AF887FC6EC4F}.Debug|Any CPU.Build.0 = Debug|Any CPU
		{75BB32DE-9E50-406C-B49C-AF887FC6EC4F}.Release|Any CPU.ActiveCfg = Release|Any CPU
		{75BB32DE-9E50-406C-B49C-AF887FC6EC4F}.Release|Any CPU.Build.0 = Release|Any CPU
		{463C847F-4D52-48A1-9A9D-4C5D039ADD28}.Debug|Any CPU.ActiveCfg = Debug|Any CPU
		{463C847F-4D52-48A1-9A9D-4C5D039ADD28}.Debug|Any CPU.Build.0 = Debug|Any CPU
		{463C847F-4D52-48A1-9A9D-4C5D039ADD28}.Release|Any CPU.ActiveCfg = Release|Any CPU
		{463C847F-4D52-48A1-9A9D-4C5D039ADD28}.Release|Any CPU.Build.0 = Release|Any CPU
		{50502E43-3CE2-4BA5-8C9A-6842C534B768}.Debug|Any CPU.ActiveCfg = Debug|Any CPU
		{50502E43-3CE2-4BA5-8C9A-6842C534B768}.Debug|Any CPU.Build.0 = Debug|Any CPU
		{50502E43-3CE2-4BA5-8C9A-6842C534B768}.Release|Any CPU.ActiveCfg = Release|Any CPU
		{50502E43-3CE2-4BA5-8C9A-6842C534B768}.Release|Any CPU.Build.0 = Release|Any CPU
		{B70F8B76-1FC1-4061-A9DD-DBB92E1BE445}.Debug|Any CPU.ActiveCfg = Debug|Any CPU
		{B70F8B76-1FC1-4061-A9DD-DBB92E1BE445}.Debug|Any CPU.Build.0 = Debug|Any CPU
		{B70F8B76-1FC1-4061-A9DD-DBB92E1BE445}.Release|Any CPU.ActiveCfg = Release|Any CPU
		{B70F8B76-1FC1-4061-A9DD-DBB92E1BE445}.Release|Any CPU.Build.0 = Release|Any CPU
		{31D7698B-A80B-438B-900D-9E171F9341B5}.Debug|Any CPU.ActiveCfg = Debug|Any CPU
		{31D7698B-A80B-438B-900D-9E171F9341B5}.Debug|Any CPU.Build.0 = Debug|Any CPU
		{31D7698B-A80B-438B-900D-9E171F9341B5}.Release|Any CPU.ActiveCfg = Release|Any CPU
		{31D7698B-A80B-438B-900D-9E171F9341B5}.Release|Any CPU.Build.0 = Release|Any CPU
		{ADA4E9AC-D7F6-49F3-A037-B08C97B67DF4}.Debug|Any CPU.ActiveCfg = Debug|Any CPU
		{ADA4E9AC-D7F6-49F3-A037-B08C97B67DF4}.Debug|Any CPU.Build.0 = Debug|Any CPU
		{ADA4E9AC-D7F6-49F3-A037-B08C97B67DF4}.Release|Any CPU.ActiveCfg = Release|Any CPU
		{ADA4E9AC-D7F6-49F3-A037-B08C97B67DF4}.Release|Any CPU.Build.0 = Release|Any CPU
		{E49A38F7-52A0-48FB-BDD3-BF03E4E6134A}.Debug|Any CPU.ActiveCfg = Debug|Any CPU
		{E49A38F7-52A0-48FB-BDD3-BF03E4E6134A}.Debug|Any CPU.Build.0 = Debug|Any CPU
		{E49A38F7-52A0-48FB-BDD3-BF03E4E6134A}.Release|Any CPU.ActiveCfg = Release|Any CPU
		{E49A38F7-52A0-48FB-BDD3-BF03E4E6134A}.Release|Any CPU.Build.0 = Release|Any CPU
		{4CD4DC39-3B2C-4CF8-98FE-87903C8142CB}.Debug|Any CPU.ActiveCfg = Debug|Any CPU
		{4CD4DC39-3B2C-4CF8-98FE-87903C8142CB}.Debug|Any CPU.Build.0 = Debug|Any CPU
		{4CD4DC39-3B2C-4CF8-98FE-87903C8142CB}.Release|Any CPU.ActiveCfg = Release|Any CPU
		{4CD4DC39-3B2C-4CF8-98FE-87903C8142CB}.Release|Any CPU.Build.0 = Release|Any CPU
		{3604C8F6-2372-4650-BBB4-90907E19CBBD}.Debug|Any CPU.ActiveCfg = Debug|Any CPU
		{3604C8F6-2372-4650-BBB4-90907E19CBBD}.Debug|Any CPU.Build.0 = Debug|Any CPU
		{3604C8F6-2372-4650-BBB4-90907E19CBBD}.Release|Any CPU.ActiveCfg = Release|Any CPU
		{3604C8F6-2372-4650-BBB4-90907E19CBBD}.Release|Any CPU.Build.0 = Release|Any CPU
		{21973B7C-E1D4-4CF6-980B-D4EA1E19E8ED}.Debug|Any CPU.ActiveCfg = Debug|Any CPU
		{21973B7C-E1D4-4CF6-980B-D4EA1E19E8ED}.Debug|Any CPU.Build.0 = Debug|Any CPU
		{21973B7C-E1D4-4CF6-980B-D4EA1E19E8ED}.Release|Any CPU.ActiveCfg = Release|Any CPU
		{21973B7C-E1D4-4CF6-980B-D4EA1E19E8ED}.Release|Any CPU.Build.0 = Release|Any CPU
		{7BDE19C7-7FDA-4195-B026-99755EA50FC8}.Debug|Any CPU.ActiveCfg = Debug|Any CPU
		{7BDE19C7-7FDA-4195-B026-99755EA50FC8}.Debug|Any CPU.Build.0 = Debug|Any CPU
		{7BDE19C7-7FDA-4195-B026-99755EA50FC8}.Release|Any CPU.ActiveCfg = Release|Any CPU
		{7BDE19C7-7FDA-4195-B026-99755EA50FC8}.Release|Any CPU.Build.0 = Release|Any CPU
		{F5F93EEE-A74D-4002-954C-CD733D8B8497}.Debug|Any CPU.ActiveCfg = Debug|Any CPU
		{F5F93EEE-A74D-4002-954C-CD733D8B8497}.Debug|Any CPU.Build.0 = Debug|Any CPU
		{F5F93EEE-A74D-4002-954C-CD733D8B8497}.Release|Any CPU.ActiveCfg = Release|Any CPU
		{F5F93EEE-A74D-4002-954C-CD733D8B8497}.Release|Any CPU.Build.0 = Release|Any CPU
		{5B77D7F1-DA2F-4877-A497-81D448CA773B}.Debug|Any CPU.ActiveCfg = Debug|Any CPU
		{5B77D7F1-DA2F-4877-A497-81D448CA773B}.Debug|Any CPU.Build.0 = Debug|Any CPU
		{5B77D7F1-DA2F-4877-A497-81D448CA773B}.Release|Any CPU.ActiveCfg = Release|Any CPU
		{5B77D7F1-DA2F-4877-A497-81D448CA773B}.Release|Any CPU.Build.0 = Release|Any CPU
	EndGlobalSection
	GlobalSection(SolutionProperties) = preSolution
		HideSolutionNode = FALSE
	EndGlobalSection
	GlobalSection(NestedProjects) = preSolution
		{6266DB76-2052-4406-BB4B-4B7829EA12B6} = {3B7D433C-8C98-4D43-A28D-D493524571DF}
		{CEFF6964-C2AB-49A6-A154-B5EBA6FECC8E} = {3B7D433C-8C98-4D43-A28D-D493524571DF}
		{1932A089-36E8-4ED7-93DC-9AB4403F6BF4} = {92CBAA30-379F-44F7-851B-EAD54A8377D6}
		{4E301D64-37E1-49A3-B297-AD9AF26238CD} = {0B3F26AC-489E-46EB-B359-52DFC8D87272}
		{6A36D166-C783-39E0-5D6E-3F88717FD89A} = {92CBAA30-379F-44F7-851B-EAD54A8377D6}
		{75BB32DE-9E50-406C-B49C-AF887FC6EC4F} = {0B3F26AC-489E-46EB-B359-52DFC8D87272}
		{0B3F26AC-489E-46EB-B359-52DFC8D87272} = {02EA681E-C7D8-13C7-8484-4AC65E1B71E8}
		{3B7D433C-8C98-4D43-A28D-D493524571DF} = {02EA681E-C7D8-13C7-8484-4AC65E1B71E8}
		{92CBAA30-379F-44F7-851B-EAD54A8377D6} = {02EA681E-C7D8-13C7-8484-4AC65E1B71E8}
		{FD87F37E-F477-469A-B2EF-8A5CA516C428} = {CE462713-D0A7-49F3-A06D-AAB93025FACE}
		{4EFE7769-3C95-40C9-A547-EC535DAD1053} = {CE462713-D0A7-49F3-A06D-AAB93025FACE}
		{1FEFEEF7-2BE9-48E0-9258-CC5DB97C82CE} = {CE462713-D0A7-49F3-A06D-AAB93025FACE}
		{463C847F-4D52-48A1-9A9D-4C5D039ADD28} = {FD87F37E-F477-469A-B2EF-8A5CA516C428}
		{50502E43-3CE2-4BA5-8C9A-6842C534B768} = {FD87F37E-F477-469A-B2EF-8A5CA516C428}
		{5FF44721-BFEE-43F8-A8DB-8F457353F791} = {CE462713-D0A7-49F3-A06D-AAB93025FACE}
		{B70F8B76-1FC1-4061-A9DD-DBB92E1BE445} = {FD87F37E-F477-469A-B2EF-8A5CA516C428}
		{31D7698B-A80B-438B-900D-9E171F9341B5} = {FD87F37E-F477-469A-B2EF-8A5CA516C428}
		{ADA4E9AC-D7F6-49F3-A037-B08C97B67DF4} = {5FF44721-BFEE-43F8-A8DB-8F457353F791}
		{E49A38F7-52A0-48FB-BDD3-BF03E4E6134A} = {5FF44721-BFEE-43F8-A8DB-8F457353F791}
		{4CD4DC39-3B2C-4CF8-98FE-87903C8142CB} = {5FF44721-BFEE-43F8-A8DB-8F457353F791}
		{3604C8F6-2372-4650-BBB4-90907E19CBBD} = {1114BD3A-2A8D-4943-92D5-91158FA3881E}
		{21973B7C-E1D4-4CF6-980B-D4EA1E19E8ED} = {1114BD3A-2A8D-4943-92D5-91158FA3881E}
		{7BDE19C7-7FDA-4195-B026-99755EA50FC8} = {1114BD3A-2A8D-4943-92D5-91158FA3881E}
		{1114BD3A-2A8D-4943-92D5-91158FA3881E} = {4EFE7769-3C95-40C9-A547-EC535DAD1053}
		{F5F93EEE-A74D-4002-954C-CD733D8B8497} = {4EFE7769-3C95-40C9-A547-EC535DAD1053}
		{5B77D7F1-DA2F-4877-A497-81D448CA773B} = {1FEFEEF7-2BE9-48E0-9258-CC5DB97C82CE}
	EndGlobalSection
	GlobalSection(ExtensibilityGlobals) = postSolution
		SolutionGuid = {0468CFD9-3ADD-4F05-A768-A55BDADA1B15}
	EndGlobalSection
EndGlobal
